{
  "name": "komprehension",
  "version": "0.1.0-SNAPSHOT",
  "lockfileVersion": 3,
  "requires": true,
  "packages": {
    "": {
      "name": "komprehension",
      "version": "0.1.0-SNAPSHOT",
      "workspaces": [
        "packages/komprehension-runtime",
        "packages/komprehension-runtime-test"
      ],
      "devDependencies": {}
    },
    "node_modules/komprehension-runtime": {
      "resolved": "packages/komprehension-runtime",
      "link": true
    },
    "node_modules/komprehension-runtime-test": {
      "resolved": "packages/komprehension-runtime-test",
      "link": true
    },
    "packages/komprehension-runtime": {
      "version": "0.1.0-SNAPSHOT",
      "devDependencies": {}
    },
    "packages/komprehension-runtime-test": {
      "version": "0.1.0-SNAPSHOT",
      "devDependencies": {}
    }
  }
}
